// !$*UTF8*$!
{
	archiveVersion = 1;
	classes = {
	};
	objectVersion = 52;
	objects = {

/* Begin PBXBuildFile section */
		0418154822127A84001F11C8 /* SearchHistoryManager.swift in Sources */ = {isa = PBXBuildFile; fileRef = 0418154722127A84001F11C8 /* SearchHistoryManager.swift */; };
		043AB0F91FCD283500FACF86 /* UserScriptManager.swift in Sources */ = {isa = PBXBuildFile; fileRef = 043AB0F81FCD283500FACF86 /* UserScriptManager.swift */; };
		043AB0FD1FCD285A00FACF86 /* APIManager.swift in Sources */ = {isa = PBXBuildFile; fileRef = 043AB0FC1FCD285A00FACF86 /* APIManager.swift */; };
		043AB0FF1FCD317300FACF86 /* InitialView.swift in Sources */ = {isa = PBXBuildFile; fileRef = 043AB0FE1FCD317300FACF86 /* InitialView.swift */; };
		04448842221A5F1100939E43 /* SettingsViewController.swift in Sources */ = {isa = PBXBuildFile; fileRef = 04448841221A5F1100939E43 /* SettingsViewController.swift */; };
		0485FABF1F5E97A7001E5C3D /* AppDelegate.swift in Sources */ = {isa = PBXBuildFile; fileRef = 0485FABE1F5E97A7001E5C3D /* AppDelegate.swift */; };
		0485FAC11F5E97A7001E5C3D /* ViewController.swift in Sources */ = {isa = PBXBuildFile; fileRef = 0485FAC01F5E97A7001E5C3D /* ViewController.swift */; };
		0485FAC61F5E97A7001E5C3D /* Assets.xcassets in Resources */ = {isa = PBXBuildFile; fileRef = 0485FAC51F5E97A7001E5C3D /* Assets.xcassets */; };
		0485FAC91F5E97A7001E5C3D /* LaunchScreen.storyboard in Resources */ = {isa = PBXBuildFile; fileRef = 0485FAC71F5E97A7001E5C3D /* LaunchScreen.storyboard */; };
		04E8D7CD2118A037001BF429 /* Settings.bundle in Resources */ = {isa = PBXBuildFile; fileRef = 04E8D7CC2118A037001BF429 /* Settings.bundle */; };
		EA2EDCEC256CBA46003761B7 /* AppConfig.swift in Sources */ = {isa = PBXBuildFile; fileRef = EA2EDCEB256CBA46003761B7 /* AppConfig.swift */; };
		EA9206A826CCDB2900ED1F86 /* EbookTWAPI in Frameworks */ = {isa = PBXBuildFile; productRef = EA9206A726CCDB2900ED1F86 /* EbookTWAPI */; };
/* End PBXBuildFile section */

/* Begin PBXFileReference section */
		0409EECE1F5FB9BB0017CF53 /* zh-Hant */ = {isa = PBXFileReference; lastKnownFileType = text.plist.strings; name = "zh-Hant"; path = "zh-Hant.lproj/LaunchScreen.strings"; sourceTree = "<group>"; };
		0418154722127A84001F11C8 /* SearchHistoryManager.swift */ = {isa = PBXFileReference; lastKnownFileType = sourcecode.swift; path = SearchHistoryManager.swift; sourceTree = "<group>"; };
		043AB0F81FCD283500FACF86 /* UserScriptManager.swift */ = {isa = PBXFileReference; lastKnownFileType = sourcecode.swift; path = UserScriptManager.swift; sourceTree = "<group>"; };
		043AB0FC1FCD285A00FACF86 /* APIManager.swift */ = {isa = PBXFileReference; lastKnownFileType = sourcecode.swift; path = APIManager.swift; sourceTree = "<group>"; };
		043AB0FE1FCD317300FACF86 /* InitialView.swift */ = {isa = PBXFileReference; lastKnownFileType = sourcecode.swift; path = InitialView.swift; sourceTree = "<group>"; };
		04448841221A5F1100939E43 /* SettingsViewController.swift */ = {isa = PBXFileReference; lastKnownFileType = sourcecode.swift; path = SettingsViewController.swift; sourceTree = "<group>"; };
		04721B6F21CBC354000E2A80 /* EbookTW.entitlements */ = {isa = PBXFileReference; lastKnownFileType = text.plist.entitlements; path = EbookTW.entitlements; sourceTree = "<group>"; };
		0485FABB1F5E97A7001E5C3D /* EbookTW.app */ = {isa = PBXFileReference; explicitFileType = wrapper.application; includeInIndex = 0; path = EbookTW.app; sourceTree = BUILT_PRODUCTS_DIR; };
		0485FABE1F5E97A7001E5C3D /* AppDelegate.swift */ = {isa = PBXFileReference; lastKnownFileType = sourcecode.swift; path = AppDelegate.swift; sourceTree = "<group>"; };
		0485FAC01F5E97A7001E5C3D /* ViewController.swift */ = {isa = PBXFileReference; lastKnownFileType = sourcecode.swift; path = ViewController.swift; sourceTree = "<group>"; };
		0485FAC51F5E97A7001E5C3D /* Assets.xcassets */ = {isa = PBXFileReference; lastKnownFileType = folder.assetcatalog; path = Assets.xcassets; sourceTree = "<group>"; };
		0485FAC81F5E97A7001E5C3D /* Base */ = {isa = PBXFileReference; lastKnownFileType = file.storyboard; name = Base; path = Base.lproj/LaunchScreen.storyboard; sourceTree = "<group>"; };
		0485FACA1F5E97A7001E5C3D /* Info.plist */ = {isa = PBXFileReference; lastKnownFileType = text.plist.xml; path = Info.plist; sourceTree = "<group>"; };
		04E8D7CC2118A037001BF429 /* Settings.bundle */ = {isa = PBXFileReference; lastKnownFileType = "wrapper.plug-in"; path = Settings.bundle; sourceTree = "<group>"; };
		EA2EDCEB256CBA46003761B7 /* AppConfig.swift */ = {isa = PBXFileReference; lastKnownFileType = sourcecode.swift; path = AppConfig.swift; sourceTree = "<group>"; };
		EA81AE6B26CCD8A100021D52 /* EbookTWAPI */ = {isa = PBXFileReference; lastKnownFileType = text; path = EbookTWAPI; sourceTree = SOURCE_ROOT; };
/* End PBXFileReference section */

/* Begin PBXFrameworksBuildPhase section */
		0485FAB81F5E97A7001E5C3D /* Frameworks */ = {
			isa = PBXFrameworksBuildPhase;
			buildActionMask = 2147483647;
			files = (
				EA9206A826CCDB2900ED1F86 /* EbookTWAPI in Frameworks */,
			);
			runOnlyForDeploymentPostprocessing = 0;
		};
/* End PBXFrameworksBuildPhase section */

/* Begin PBXGroup section */
		0485FAB21F5E97A7001E5C3D = {
			isa = PBXGroup;
			children = (
				0485FABD1F5E97A7001E5C3D /* EbookTW */,
				EA81AE6B26CCD8A100021D52 /* EbookTWAPI */,
				0485FABC1F5E97A7001E5C3D /* Products */,
				EA81AE6C26CCDA1A00021D52 /* Frameworks */,
			);
			sourceTree = "<group>";
		};
		0485FABC1F5E97A7001E5C3D /* Products */ = {
			isa = PBXGroup;
			children = (
				0485FABB1F5E97A7001E5C3D /* EbookTW.app */,
			);
			name = Products;
			sourceTree = "<group>";
		};
		0485FABD1F5E97A7001E5C3D /* EbookTW */ = {
			isa = PBXGroup;
			children = (
				0485FABE1F5E97A7001E5C3D /* AppDelegate.swift */,
				EA2EDCEB256CBA46003761B7 /* AppConfig.swift */,
				0485FAC01F5E97A7001E5C3D /* ViewController.swift */,
				043AB0FE1FCD317300FACF86 /* InitialView.swift */,
				0418154722127A84001F11C8 /* SearchHistoryManager.swift */,
				04448841221A5F1100939E43 /* SettingsViewController.swift */,
				043AB0FC1FCD285A00FACF86 /* APIManager.swift */,
				043AB0F81FCD283500FACF86 /* UserScriptManager.swift */,
				04E8D7CC2118A037001BF429 /* Settings.bundle */,
				0485FAC51F5E97A7001E5C3D /* Assets.xcassets */,
				0485FAC71F5E97A7001E5C3D /* LaunchScreen.storyboard */,
				04721B6F21CBC354000E2A80 /* EbookTW.entitlements */,
				0485FACA1F5E97A7001E5C3D /* Info.plist */,
			);
			path = EbookTW;
			sourceTree = "<group>";
		};
		EA81AE6C26CCDA1A00021D52 /* Frameworks */ = {
			isa = PBXGroup;
			children = (
			);
			name = Frameworks;
			sourceTree = "<group>";
		};
/* End PBXGroup section */

/* Begin PBXNativeTarget section */
		0485FABA1F5E97A7001E5C3D /* EbookTW */ = {
			isa = PBXNativeTarget;
			buildConfigurationList = 0485FACD1F5E97A7001E5C3D /* Build configuration list for PBXNativeTarget "EbookTW" */;
			buildPhases = (
				0485FAB71F5E97A7001E5C3D /* Sources */,
				0485FAB81F5E97A7001E5C3D /* Frameworks */,
				0485FAB91F5E97A7001E5C3D /* Resources */,
			);
			buildRules = (
			);
			dependencies = (
			);
			name = EbookTW;
			packageProductDependencies = (
				EA9206A726CCDB2900ED1F86 /* EbookTWAPI */,
			);
			productName = EbookTW;
			productReference = 0485FABB1F5E97A7001E5C3D /* EbookTW.app */;
			productType = "com.apple.product-type.application";
		};
/* End PBXNativeTarget section */

/* Begin PBXProject section */
		0485FAB31F5E97A7001E5C3D /* Project object */ = {
			isa = PBXProject;
			attributes = {
				LastSwiftUpdateCheck = 0830;
				LastUpgradeCheck = 1310;
				ORGANIZATIONNAME = Denken;
				TargetAttributes = {
					0485FABA1F5E97A7001E5C3D = {
						CreatedOnToolsVersion = 8.3.3;
						LastSwiftMigration = 1020;
						ProvisioningStyle = Automatic;
						SystemCapabilities = {
							com.apple.SafariKeychain = {
								enabled = 1;
							};
							com.apple.iCloud = {
								enabled = 1;
							};
						};
					};
				};
			};
			buildConfigurationList = 0485FAB61F5E97A7001E5C3D /* Build configuration list for PBXProject "EbookTW" */;
			compatibilityVersion = "Xcode 3.2";
			developmentRegion = en;
			hasScannedForEncodings = 0;
			knownRegions = (
				en,
				Base,
				"zh-Hant",
			);
			mainGroup = 0485FAB21F5E97A7001E5C3D;
			productRefGroup = 0485FABC1F5E97A7001E5C3D /* Products */;
			projectDirPath = "";
			projectRoot = "";
			targets = (
				0485FABA1F5E97A7001E5C3D /* EbookTW */,
			);
		};
/* End PBXProject section */

/* Begin PBXResourcesBuildPhase section */
		0485FAB91F5E97A7001E5C3D /* Resources */ = {
			isa = PBXResourcesBuildPhase;
			buildActionMask = 2147483647;
			files = (
				0485FAC91F5E97A7001E5C3D /* LaunchScreen.storyboard in Resources */,
				04E8D7CD2118A037001BF429 /* Settings.bundle in Resources */,
				0485FAC61F5E97A7001E5C3D /* Assets.xcassets in Resources */,
			);
			runOnlyForDeploymentPostprocessing = 0;
		};
/* End PBXResourcesBuildPhase section */

/* Begin PBXSourcesBuildPhase section */
		0485FAB71F5E97A7001E5C3D /* Sources */ = {
			isa = PBXSourcesBuildPhase;
			buildActionMask = 2147483647;
			files = (
				043AB0FD1FCD285A00FACF86 /* APIManager.swift in Sources */,
				EA2EDCEC256CBA46003761B7 /* AppConfig.swift in Sources */,
				0485FAC11F5E97A7001E5C3D /* ViewController.swift in Sources */,
				043AB0F91FCD283500FACF86 /* UserScriptManager.swift in Sources */,
				04448842221A5F1100939E43 /* SettingsViewController.swift in Sources */,
				043AB0FF1FCD317300FACF86 /* InitialView.swift in Sources */,
				0418154822127A84001F11C8 /* SearchHistoryManager.swift in Sources */,
				0485FABF1F5E97A7001E5C3D /* AppDelegate.swift in Sources */,
			);
			runOnlyForDeploymentPostprocessing = 0;
		};
/* End PBXSourcesBuildPhase section */

/* Begin PBXVariantGroup section */
		0485FAC71F5E97A7001E5C3D /* LaunchScreen.storyboard */ = {
			isa = PBXVariantGroup;
			children = (
				0485FAC81F5E97A7001E5C3D /* Base */,
				0409EECE1F5FB9BB0017CF53 /* zh-Hant */,
			);
			name = LaunchScreen.storyboard;
			sourceTree = "<group>";
		};
/* End PBXVariantGroup section */

/* Begin XCBuildConfiguration section */
		0485FACB1F5E97A7001E5C3D /* Debug */ = {
			isa = XCBuildConfiguration;
			buildSettings = {
				ALWAYS_SEARCH_USER_PATHS = NO;
				CLANG_ANALYZER_LOCALIZABILITY_NONLOCALIZED = YES;
				CLANG_ANALYZER_NONNULL = YES;
				CLANG_ANALYZER_NUMBER_OBJECT_CONVERSION = YES_AGGRESSIVE;
				CLANG_CXX_LANGUAGE_STANDARD = "gnu++0x";
				CLANG_CXX_LIBRARY = "libc++";
				CLANG_ENABLE_MODULES = YES;
				CLANG_ENABLE_OBJC_ARC = YES;
				CLANG_WARN_BLOCK_CAPTURE_AUTORELEASING = YES;
				CLANG_WARN_BOOL_CONVERSION = YES;
				CLANG_WARN_COMMA = YES;
				CLANG_WARN_CONSTANT_CONVERSION = YES;
				CLANG_WARN_DEPRECATED_OBJC_IMPLEMENTATIONS = YES;
				CLANG_WARN_DIRECT_OBJC_ISA_USAGE = YES_ERROR;
				CLANG_WARN_DOCUMENTATION_COMMENTS = YES;
				CLANG_WARN_EMPTY_BODY = YES;
				CLANG_WARN_ENUM_CONVERSION = YES;
				CLANG_WARN_INFINITE_RECURSION = YES;
				CLANG_WARN_INT_CONVERSION = YES;
				CLANG_WARN_NON_LITERAL_NULL_CONVERSION = YES;
				CLANG_WARN_OBJC_IMPLICIT_RETAIN_SELF = YES;
				CLANG_WARN_OBJC_LITERAL_CONVERSION = YES;
				CLANG_WARN_OBJC_ROOT_CLASS = YES_ERROR;
				CLANG_WARN_QUOTED_INCLUDE_IN_FRAMEWORK_HEADER = YES;
				CLANG_WARN_RANGE_LOOP_ANALYSIS = YES;
				CLANG_WARN_STRICT_PROTOTYPES = YES;
				CLANG_WARN_SUSPICIOUS_MOVE = YES;
				CLANG_WARN_UNREACHABLE_CODE = YES;
				CLANG_WARN__DUPLICATE_METHOD_MATCH = YES;
				"CODE_SIGN_IDENTITY[sdk=iphoneos*]" = "iPhone Developer";
				COPY_PHASE_STRIP = NO;
				DEBUG_INFORMATION_FORMAT = dwarf;
				ENABLE_STRICT_OBJC_MSGSEND = YES;
				ENABLE_TESTABILITY = YES;
				GCC_C_LANGUAGE_STANDARD = gnu99;
				GCC_DYNAMIC_NO_PIC = NO;
				GCC_NO_COMMON_BLOCKS = YES;
				GCC_OPTIMIZATION_LEVEL = 0;
				GCC_PREPROCESSOR_DEFINITIONS = (
					"DEBUG=1",
					"$(inherited)",
				);
				GCC_WARN_64_TO_32_BIT_CONVERSION = YES;
				GCC_WARN_ABOUT_RETURN_TYPE = YES_ERROR;
				GCC_WARN_UNDECLARED_SELECTOR = YES;
				GCC_WARN_UNINITIALIZED_AUTOS = YES_AGGRESSIVE;
				GCC_WARN_UNUSED_FUNCTION = YES;
				GCC_WARN_UNUSED_VARIABLE = YES;
				IPHONEOS_DEPLOYMENT_TARGET = 9.0;
				MTL_ENABLE_DEBUG_INFO = YES;
				ONLY_ACTIVE_ARCH = YES;
				SDKROOT = iphoneos;
				SWIFT_ACTIVE_COMPILATION_CONDITIONS = DEBUG;
				SWIFT_OPTIMIZATION_LEVEL = "-Onone";
				TARGETED_DEVICE_FAMILY = "1,2";
			};
			name = Debug;
		};
		0485FACC1F5E97A7001E5C3D /* Release */ = {
			isa = XCBuildConfiguration;
			buildSettings = {
				ALWAYS_SEARCH_USER_PATHS = NO;
				CLANG_ANALYZER_LOCALIZABILITY_NONLOCALIZED = YES;
				CLANG_ANALYZER_NONNULL = YES;
				CLANG_ANALYZER_NUMBER_OBJECT_CONVERSION = YES_AGGRESSIVE;
				CLANG_CXX_LANGUAGE_STANDARD = "gnu++0x";
				CLANG_CXX_LIBRARY = "libc++";
				CLANG_ENABLE_MODULES = YES;
				CLANG_ENABLE_OBJC_ARC = YES;
				CLANG_WARN_BLOCK_CAPTURE_AUTORELEASING = YES;
				CLANG_WARN_BOOL_CONVERSION = YES;
				CLANG_WARN_COMMA = YES;
				CLANG_WARN_CONSTANT_CONVERSION = YES;
				CLANG_WARN_DEPRECATED_OBJC_IMPLEMENTATIONS = YES;
				CLANG_WARN_DIRECT_OBJC_ISA_USAGE = YES_ERROR;
				CLANG_WARN_DOCUMENTATION_COMMENTS = YES;
				CLANG_WARN_EMPTY_BODY = YES;
				CLANG_WARN_ENUM_CONVERSION = YES;
				CLANG_WARN_INFINITE_RECURSION = YES;
				CLANG_WARN_INT_CONVERSION = YES;
				CLANG_WARN_NON_LITERAL_NULL_CONVERSION = YES;
				CLANG_WARN_OBJC_IMPLICIT_RETAIN_SELF = YES;
				CLANG_WARN_OBJC_LITERAL_CONVERSION = YES;
				CLANG_WARN_OBJC_ROOT_CLASS = YES_ERROR;
				CLANG_WARN_QUOTED_INCLUDE_IN_FRAMEWORK_HEADER = YES;
				CLANG_WARN_RANGE_LOOP_ANALYSIS = YES;
				CLANG_WARN_STRICT_PROTOTYPES = YES;
				CLANG_WARN_SUSPICIOUS_MOVE = YES;
				CLANG_WARN_UNREACHABLE_CODE = YES;
				CLANG_WARN__DUPLICATE_METHOD_MATCH = YES;
				"CODE_SIGN_IDENTITY[sdk=iphoneos*]" = "iPhone Developer";
				COPY_PHASE_STRIP = NO;
				DEBUG_INFORMATION_FORMAT = "dwarf-with-dsym";
				ENABLE_NS_ASSERTIONS = NO;
				ENABLE_STRICT_OBJC_MSGSEND = YES;
				GCC_C_LANGUAGE_STANDARD = gnu99;
				GCC_NO_COMMON_BLOCKS = YES;
				GCC_WARN_64_TO_32_BIT_CONVERSION = YES;
				GCC_WARN_ABOUT_RETURN_TYPE = YES_ERROR;
				GCC_WARN_UNDECLARED_SELECTOR = YES;
				GCC_WARN_UNINITIALIZED_AUTOS = YES_AGGRESSIVE;
				GCC_WARN_UNUSED_FUNCTION = YES;
				GCC_WARN_UNUSED_VARIABLE = YES;
				IPHONEOS_DEPLOYMENT_TARGET = 9.0;
				MTL_ENABLE_DEBUG_INFO = NO;
				SDKROOT = iphoneos;
				SWIFT_COMPILATION_MODE = wholemodule;
				SWIFT_OPTIMIZATION_LEVEL = "-O";
				TARGETED_DEVICE_FAMILY = "1,2";
				VALIDATE_PRODUCT = YES;
			};
			name = Release;
		};
		0485FACE1F5E97A7001E5C3D /* Debug */ = {
			isa = XCBuildConfiguration;
			buildSettings = {
				ASSETCATALOG_COMPILER_APPICON_NAME = AppIcon;
				CODE_SIGN_ENTITLEMENTS = EbookTW/EbookTW.entitlements;
				CURRENT_PROJECT_VERSION = 22;
				DEVELOPMENT_TEAM = "";
				INFOPLIST_FILE = EbookTW/Info.plist;
				IPHONEOS_DEPLOYMENT_TARGET = 9.0;
				LD_RUNPATH_SEARCH_PATHS = (
					"$(inherited)",
					"@executable_path/Frameworks",
				);
				MARKETING_VERSION = 3.0.1;
				PRODUCT_BUNDLE_IDENTIFIER = denkeni.EbookTW;
				PRODUCT_NAME = "$(TARGET_NAME)";
				SWIFT_VERSION = 5.0;
				TARGETED_DEVICE_FAMILY = "1,2";
			};
			name = Debug;
		};
		0485FACF1F5E97A7001E5C3D /* Release */ = {
			isa = XCBuildConfiguration;
			buildSettings = {
				ASSETCATALOG_COMPILER_APPICON_NAME = AppIcon;
				CODE_SIGN_ENTITLEMENTS = EbookTW/EbookTW.entitlements;
				CURRENT_PROJECT_VERSION = 22;
				DEVELOPMENT_TEAM = "";
				INFOPLIST_FILE = EbookTW/Info.plist;
				IPHONEOS_DEPLOYMENT_TARGET = 9.0;
				LD_RUNPATH_SEARCH_PATHS = (
					"$(inherited)",
					"@executable_path/Frameworks",
				);
				MARKETING_VERSION = 3.0.1;
				PRODUCT_BUNDLE_IDENTIFIER = denkeni.EbookTW;
				PRODUCT_NAME = "$(TARGET_NAME)";
				SWIFT_VERSION = 5.0;
				TARGETED_DEVICE_FAMILY = "1,2";
			};
			name = Release;
		};
/* End XCBuildConfiguration section */

/* Begin XCConfigurationList section */
		0485FAB61F5E97A7001E5C3D /* Build configuration list for PBXProject "EbookTW" */ = {
			isa = XCConfigurationList;
			buildConfigurations = (
				0485FACB1F5E97A7001E5C3D /* Debug */,
				0485FACC1F5E97A7001E5C3D /* Release */,
			);
			defaultConfigurationIsVisible = 0;
			defaultConfigurationName = Release;
		};
		0485FACD1F5E97A7001E5C3D /* Build configuration list for PBXNativeTarget "EbookTW" */ = {
			isa = XCConfigurationList;
			buildConfigurations = (
				0485FACE1F5E97A7001E5C3D /* Debug */,
				0485FACF1F5E97A7001E5C3D /* Release */,
			);
			defaultConfigurationIsVisible = 0;
			defaultConfigurationName = Release;
		};
/* End XCConfigurationList section */

/* Begin XCSwiftPackageProductDependency section */
		EA9206A726CCDB2900ED1F86 /* EbookTWAPI */ = {
			isa = XCSwiftPackageProductDependency;
			productName = EbookTWAPI;
		};
/* End XCSwiftPackageProductDependency section */
	};
	rootObject = 0485FAB31F5E97A7001E5C3D /* Project object */;
}
